" Generated by vim-plug
" Mon Jan 16 10:48:51 2023
" :source this file in vim to restore the snapshot
" or execute: vim -S snapshot.vim

silent! let g:plugs['LeaderF'].commit = '43433aa8dad1601acf923d3c25fa3325799508aa'
silent! let g:plugs['Leaderf-folder'].commit = 'cb8bb7c9f5be723a76ef27119284f68622960160'
silent! let g:plugs['Leaderf-phpnamespace'].commit = '668de9d3f356ca0e1ae658953e51a678e78ace5d'
silent! let g:plugs['ListToggle'].commit = '63fb8acb57d57380b2e30e7a831247140559c95f'
silent! let g:plugs['NeoZoom.lua'].commit = '8ab6a565c6fc2265b7dcf9c40318887958014ac4'
silent! let g:plugs['Pydiction'].commit = 'e20ea6ce25862f034977622550e4bfdb3884b150'
silent! let g:plugs['SudoEdit.vim'].commit = 'e0ffcda0c2f98bec80cb52d1af5f3af26bd38821'
silent! let g:plugs['asyncrun.vim'].commit = 'ea59f760c223100edcffc52ffe019f502a792039'
silent! let g:plugs['auto-pairs'].commit = '39f06b873a8449af8ff6a3eee716d3da14d63a76'
silent! let g:plugs['auto-session'].commit = 'c8b2f4048f846387361bd04cc185bf1aa7d2e3d1'
silent! let g:plugs['base16-vim'].commit = '1f052d80bfa522b8b6eb5d09fac729a528747662'
silent! let g:plugs['boole.nvim'].commit = 'f4f9996f91159e54b8f1893b20e2e599c91bc1bd'
silent! let g:plugs['bufferline.nvim'].commit = '5aa803aaa9d8bbbca77d0c8df8ddc0b62c19ff6a'
silent! let g:plugs['coc.nvim'].commit = '95b43f67147391cf2c69e550bd001b742781d226'
silent! let g:plugs['conflict-marker.vim'].commit = '11a4d42244755505b66b15cd4496a150432eb5e3'
silent! let g:plugs['dash.vim'].commit = '25b17d9488454a1fcdbb2cbe829a23226f95e3c2'
silent! let g:plugs['diffview.nvim'].commit = '5bbcf162d03287296fe393f88da6065db3cf9fd0'
silent! let g:plugs['dirbuf.nvim'].commit = 'ac7ad3c8e61630d15af1f6266441984f54f54fd2'
silent! let g:plugs['doom-one.nvim'].commit = 'a43528cbd7908ccec7af4587ec8e18be149095bd'
silent! let g:plugs['dracula.nvim'].commit = '9195c478cf05c3369131a7a9c606cbbc5247b0c6'
silent! let g:plugs['fencview'].commit = '9150ba55abed57abbe742a74a8fe85b0a3990f50'
silent! let g:plugs['ferret'].commit = '22cf052269b1143cd579b81c9390880ac712b67f'
silent! let g:plugs['firenvim'].commit = 'b6be2e074b8f62815a45e31eb0966b4dd5e57810'
silent! let g:plugs['fugitive-gitlab.vim'].commit = 'b73a8e97de95d26280082abb7f51465a3d3b239e'
silent! let g:plugs['fzf'].commit = '3109b865d202c73c7065a3142b7ed317ce9b9382'
silent! let g:plugs['gist-vim'].commit = '5bfbb5450d9eff248f6c074de0b7800392439304'
silent! let g:plugs['git-blame.nvim'].commit = '5ddf157139ecfc0d2161f00c2cce4874578dc355'
silent! let g:plugs['git-messenger.vim'].commit = '8a61bdfa351d4df9a9118ee1d3f45edbed617072'
silent! let g:plugs['git-time-lapse'].commit = '3b6f38ec13af04a29e822efda15c36b69f6972ff'
silent! let g:plugs['goyo.vim'].commit = '7f5d35a65510083ea5c2d0941797244b9963d4a9'
silent! let g:plugs['gruvbox'].commit = 'bf2885a95efdad7bd5e4794dd0213917770d79b7'
silent! let g:plugs['gtags.vim'].commit = '45df6f026fb40b0e2e3a5527792a5dedd937cda0'
silent! let g:plugs['gutentags_plus'].commit = '345e49dd8d4fd14f59959e6e62b628359bfe263b'
silent! let g:plugs['gv.vim'].commit = '320cc8c477c5acc4fa0e52a460d87b2af54fa051'
silent! let g:plugs['hop.nvim'].commit = '90db1b2c61b820e230599a04fedcd2679e64bd07'
silent! let g:plugs['horizon.nvim'].commit = 'f7c758f0ebd47a72dd2832a8744340e72dad62f8'
silent! let g:plugs['jianfan'].commit = 'b3cb2a0aaf498724c54701b8ca0b8e830c2eb3f5'
silent! let g:plugs['jsonpath.nvim'].commit = 'd52d1c1cdbcb268cbf4b101bb400eba19ca918c5'
silent! let g:plugs['lualine.nvim'].commit = '0050b308552e45f7128f399886c86afefc3eb988'
silent! let g:plugs['markdown-preview.nvim'].commit = '02cc3874738bc0f86e4b91f09b8a0ac88aef8e96'
silent! let g:plugs['mason-tool-installer.nvim'].commit = '27f61f75a71bb3c2504a17e02b571f79cae43676'
silent! let g:plugs['mason.nvim'].commit = '4438ecc0acfae1dcfa36bbfd90196a125fdff441'
silent! let g:plugs['nerdcommenter'].commit = '98cc4a2d64ca67cccbf5b5cf47c682ebadaaff58'
silent! let g:plugs['nightfox.nvim'].commit = '925cca4bb4978530b13f96eb2de887ded19484d0'
silent! let g:plugs['nord-vim'].commit = '0748955e9e8d9770b44f2bec8456189430b37d9d'
silent! let g:plugs['nvim-bqf'].commit = '22e9551468c8d9d9d2d4e682c6d25a1204f389a3'
silent! let g:plugs['nvim-colorizer.lua'].commit = '36c610a9717cc9ec426a07c8e6bf3b3abcb139d6'
silent! let g:plugs['nvim-dap'].commit = '5a1479c5d633daa0db06988ed44663f07f10f5dd'
silent! let g:plugs['nvim-dap-ui'].commit = 'b80227ea56a48177786904f6322abc8b2dc0bc36'
silent! let g:plugs['nvim-dap-virtual-text'].commit = '6d3da4b786d33e35526e089d85b238c08ce78def'
silent! let g:plugs['nvim-hlslens'].commit = '0800f077ada1ba8cd92dc1f104c59ec1862de7df'
silent! let g:plugs['nvim-notify'].commit = 'b005821516f1f37801a73067afd1cef2dbc4dfe8'
silent! let g:plugs['nvim-tree.lua'].commit = '1f0fc8d6e8c7900533b78b467e37710e9c813ae8'
silent! let g:plugs['nvim-treesitter'].commit = '1c89f9b5bc885ff0e2b1cdb7ff40847784b1436b'
silent! let g:plugs['nvim-web-devicons'].commit = '6c38926351372ea87034dec26182b62c835ff3bc'
silent! let g:plugs['one-small-step-for-vimkind'].commit = '233c8940488d4072f9f8058798984cb68a49a319'
silent! let g:plugs['onedark.vim'].commit = 'b6b5ffe31a195a3077338d7a506b905e4a51590f'
silent! let g:plugs['open-browser.vim'].commit = '7d4c1d8198e889d513a030b5a83faa07606bac27'
silent! let g:plugs['pdv'].commit = '1511dff660e916d28471b9c102fd5e0df47f0fd9'
silent! let g:plugs['plantuml-previewer.vim'].commit = 'eb76091148562c644dd32e4a20d37ce1b45eb21a'
silent! let g:plugs['plantuml-syntax'].commit = '845abb56dcd3f12afa6eb47684ef5ba3055802b8'
silent! let g:plugs['plenary.nvim'].commit = '1c7e3e6b0f4dd5a174fcea9fda8a4d7de593b826'
silent! let g:plugs['rest.nvim'].commit = '090e253c114b6d5448bac5869a28a6623c195e3a'
silent! let g:plugs['session-lens'].commit = 'b15e36782d01abacf6cd44e12f3292632064ab91'
silent! let g:plugs['sideways.vim'].commit = 'ab20cc8a6a7cb95679f99bc4ec724544f9b94c62'
silent! let g:plugs['smart-splits.nvim'].commit = 'fdd158ce7554dc830fb86e0fe952cd9476cdf726'
silent! let g:plugs['space-vim-theme'].commit = '4790dbba31f678f75af4f4c7a1465008542bd979'
silent! let g:plugs['splitjoin.vim'].commit = '956d67c88512b91c2938da3a9e0aeeea2b82cd0b'
silent! let g:plugs['stylua-nvim'].commit = 'ce59a353f02938cba3e0285e662fcd3901cd270f'
silent! let g:plugs['tabular'].commit = '339091ac4dd1f17e225fe7d57b48aff55f99b23a'
silent! let g:plugs['tagalong.vim'].commit = '7b8cf57d8b5cbf5ece29e8198e72e8db39d9fe26'
silent! let g:plugs['targets.vim'].commit = '8d6ff2984cdfaebe5b7a6eee8f226a6dd1226f2d'
silent! let g:plugs['telescope-symbols.nvim'].commit = 'f7d7c84873c95c7bd5682783dd66f84170231704'
silent! let g:plugs['telescope.nvim'].commit = 'b69b33eded07341253bc1f0b4ae6bbc5c411a2ab'
silent! let g:plugs['tender.vim'].commit = '7746453a045eaa97dc413a7209268345f33f3243'
silent! let g:plugs['toggleterm.nvim'].commit = 'f494c61024ffa25ee407d55b04d8b28ba9e839cb'
silent! let g:plugs['tokyonight.nvim'].commit = '73671f5dd48a577e753def35b410ef1157d6560b'
silent! let g:plugs['twitvim'].commit = 'e641011eaf64718a21f3f947ac4d3e246727adde'
silent! let g:plugs['vader.vim'].commit = '6fff477431ac3191c69a3a5e5f187925466e275a'
silent! let g:plugs['vim-EnhancedJumps'].commit = '84df0d73f732bfb926763f5b0469a47dd63289a1'
silent! let g:plugs['vim-abolish'].commit = 'aa3428b734ddbd0105615832843f619774a6871e'
silent! let g:plugs['vim-after-object'].commit = '7f52106df8a05e9bc1c53960c31a55f77e303903'
silent! let g:plugs['vim-capslock'].commit = '529b32877e144f7c1a6fabe357317c4b7d94a98e'
silent! let g:plugs['vim-choosewin'].commit = '839da609d9b811370216bdd9d4512ec2d0ac8644'
silent! let g:plugs['vim-coderunner'].commit = '219925757fe48232d2840b0447836f46743e2bd8'
silent! let g:plugs['vim-colors-solarized'].commit = '528a59f26d12278698bb946f8fb82a63711eec21'
silent! let g:plugs['vim-commentary'].commit = 'e87cd90dc09c2a203e13af9704bd0ef79303d755'
silent! let g:plugs['vim-composer'].commit = '18d0617f19d039cce140147fa940bdfe960b5c89'
silent! let g:plugs['vim-dispatch'].commit = '00e77d90452e3c710014b26dc61ea919bc895e92'
silent! let g:plugs['vim-easy-align'].commit = '12dd6316974f71ce333e360c0260b4e1f81169c3'
silent! let g:plugs['vim-eunuch'].commit = '291ef1f8c8996ca7715df1032a35a27b12d7b5cf'
silent! let g:plugs['vim-expand-region'].commit = '966513543de0ddc2d673b5528a056269e7917276'
silent! let g:plugs['vim-floaterm'].commit = '06c73980682f61307e890fe652d1343be82e7ec7'
silent! let g:plugs['vim-flog'].commit = 'c880254c0d56a9dba0bfe7bc3a5f99cd15273363'
silent! let g:plugs['vim-fold-cycle'].commit = '23a87f3eb12b1b9d8927207353b0f7a5454d1c0b'
silent! let g:plugs['vim-fugitive'].commit = '9c5f675db54139c18ed4a1a18989ea2da37d6cae'
silent! let g:plugs['vim-fugitive-blame-ext'].commit = '0c9355deeb235f89f50e3e9f362469826efcfb6a'
silent! let g:plugs['vim-go'].commit = '9e64fc1ab60b2e97d39410482b64289dbbaf4eda'
silent! let g:plugs['vim-gocode'].commit = '9c8a27a130932c801037129016d6afa73a04156a'
silent! let g:plugs['vim-godef'].commit = 'a679733999fce6a566704a4df15f6813a900e8a9'
silent! let g:plugs['vim-grepper'].commit = '2b93535752ffcb312f9fab73d90e80dc9f2e60fc'
silent! let g:plugs['vim-gutentags'].commit = '1337b1891b9d98d6f4881982f27aa22b02c80084'
silent! let g:plugs['vim-illuminate'].commit = 'da80f3877896adcf77f59fb0bf74e9601615d372'
silent! let g:plugs['vim-indent-guides'].commit = '765084d38bf102a95ab966fb06472e83fa7deff7'
silent! let g:plugs['vim-ingo-library'].commit = '097b1c729ee0f334a40eddfbd84d77161287f2f1'
silent! let g:plugs['vim-laravel'].commit = 'ebd803753d12d19d96ae442e48d19d0b3d39d8a0'
silent! let g:plugs['vim-largefile'].commit = 'e1902f4d5990df40cf71c5fec3f1a401c5a97853'
silent! let g:plugs['vim-lastplace'].commit = 'cef9d62165cd26c3c2b881528a5290a84347059e'
silent! let g:plugs['vim-matchit'].commit = 'f52e59b05a937fe3102d431dd23f8ae4d8752ba3'
silent! let g:plugs['vim-maximizer'].commit = '2e54952fe91e140a2e69f35f22131219fcd9c5f1'
silent! let g:plugs['vim-merginal'].commit = '8ec5976aa4bd647c64504ff535eb06a8b709b051'
silent! let g:plugs['vim-mundo'].commit = 'b53d35fb5ca9923302b9ef29e618ab2db4cc675e'
silent! let g:plugs['vim-paragraph-motion'].commit = '2f6b36670327952b0bcc6915f4947feb85977af3'
silent! let g:plugs['vim-plug'].commit = 'ddce935b16fbaaf02ac96f9f238deb04d4d33a31'
silent! let g:plugs['vim-projectionist'].commit = '3a088946adb24a2fac7b47f3dea97a3b99f52ddd'
silent! let g:plugs['vim-qml'].commit = '92cd291bc3d59126ef771dfaad5f2506636104c7'
silent! let g:plugs['vim-rhubarb'].commit = 'cad60fe382f3f501bbb28e113dfe8c0de6e77c75'
silent! let g:plugs['vim-sandwich'].commit = 'c5a2cc438ce6ea2005c556dc833732aa53cae21a'
silent! let g:plugs['vim-silicon'].commit = '4a93122ae2139a12e2a56f064d086c05160b6835'
silent! let g:plugs['vim-snippets'].commit = '1049d2425b6d270621b48e110de37d5467a2a621'
silent! let g:plugs['vim-solarized8'].commit = '9f9b7951975012ce51766356c7c28ba56294f9e8'
silent! let g:plugs['vim-sort-motion'].commit = 'c8782be8f7da414c6442b3ba4b6abb0345d392d9'
silent! let g:plugs['vim-startify'].commit = '81e36c352a8deea54df5ec1e2f4348685569bed2'
silent! let g:plugs['vim-startuptime'].commit = 'cb4c112b9e0f224236ee4eab6bf5153406b3f88b'
silent! let g:plugs['vim-test'].commit = 'ca2502545a8c563e15f556d0eb8a59e0f74d2864'
silent! let g:plugs['vim-textobj-comment'].commit = '58ae4571b76a5bf74850698f23d235eef991dd4b'
silent! let g:plugs['vim-textobj-datetime'].commit = 'be2db6717e91bd14b99ab364ea09347903a6dce4'
silent! let g:plugs['vim-textobj-diff'].commit = 'cd8f37ff505c8ddb78c39b2cf0079ad46a891cd0'
silent! let g:plugs['vim-textobj-entire'].commit = '64a856c9dff3425ed8a863b9ec0a21dbaee6fb3a'
silent! let g:plugs['vim-textobj-fold'].commit = '78bfa22163133b0ca6cda63b5b5015ed4409b2ee'
silent! let g:plugs['vim-textobj-function'].commit = 'adb50f38499b1f558cbd58845e3e91117e4538cf'
silent! let g:plugs['vim-textobj-indent'].commit = 'deb76867c302f933c8f21753806cbf2d8461b548'
silent! let g:plugs['vim-textobj-lastpat'].commit = '686aa837e3aa649b16572d5d55eb2d8c7fc6c78a'
silent! let g:plugs['vim-textobj-line'].commit = '1a6780d29adcf7e464e8ddbcd0be0a9df1a37339'
silent! let g:plugs['vim-textobj-syntax'].commit = 'a0167c2680f8a35d9ca1f47ddf31070492893175'
silent! let g:plugs['vim-textobj-user'].commit = '41a675ddbeefd6a93664a4dc52f302fe3086a933'
silent! let g:plugs['vim-textobj-variable-segment'].commit = '51c323dca5c44f7a8e5a689b9156ef818d02188e'
silent! let g:plugs['vim-titlecase'].commit = '69a697c54a08ca5603cb757b4d4f78cd4b567549'
silent! let g:plugs['vim-twiggy'].commit = '7a2161991722a811c4ff06b3ce0119dd180729fd'
silent! let g:plugs['vim-unimpaired'].commit = '6d44a6dc2ec34607c41ec78acf81657248580bf1'
silent! let g:plugs['vim-zoom'].commit = 'bd483093d92ed787d68de5a67118466cb1d56c78'
silent! let g:plugs['vimdark'].commit = 'ffd7240f8346cb61ab80eda84b78f8983a3c69bf'
silent! let g:plugs['vimproc.vim'].commit = 'bf06f3f9bb1b60542fccde1ed7499798d1154db6'
silent! let g:plugs['vimspector'].commit = '475d75a32e368dbfc700b580b16b351face72129'
silent! let g:plugs['vira'].commit = '8ebbdcc13d0eeae9c9d3029dd9c1945861ac80f8'
silent! let g:plugs['vista.vim'].commit = '33774aff5d8b224f24c2e4c6015c613c1a17bf74'
silent! let g:plugs['vmustache'].commit = 'd39f77bafef57ba7af304c74b3cfc91a83fd86e0'
silent! let g:plugs['webapi-vim'].commit = '70c49ada7827d3545a65cbdab04c5c89a3a8464e'
silent! let g:plugs['which-key.nvim'].commit = 'e4fa445065a2bb0bbc3cca85346b67817f28e83e'
silent! let g:plugs['wilder.nvim'].commit = '679f348dc90d80ff9ba0e7c470c40a4d038dcecf'
silent! let g:plugs['wildfire.vim'].commit = 'b371e2b1d938ae0e164146136051de164ecb9aa5'

PlugUpdate!

