" Generated by vim-plug
" Mon Sep 26 10:09:40 2022
" :source this file in vim to restore the snapshot
" or execute: vim -S snapshot.vim

silent! let g:plugs['Align'].commit = '787662fe90cd057942bc5b682fd70c87e1a9dd77'
silent! let g:plugs['LeaderF'].commit = 'f090cb40eacdce71c406e466d02e3b41c03312c8'
silent! let g:plugs['Leaderf-phpnamespace'].commit = 'e80463efefd4b4b5bc5c870ecb295a12a43c5263'
silent! let g:plugs['ListToggle'].commit = '63fb8acb57d57380b2e30e7a831247140559c95f'
silent! let g:plugs['NeoZoom.lua'].commit = 'de0e27a3e619ed3f79232ba8daf0ae1a8e92bfea'
silent! let g:plugs['Pydiction'].commit = 'e20ea6ce25862f034977622550e4bfdb3884b150'
silent! let g:plugs['SQLUtilities'].commit = '566184530da81aa05ae4ac4ba6cf5034292a9b89'
silent! let g:plugs['SudoEdit.vim'].commit = 'bcf23412e9f307036ae3dbd7968930c1fd48f02b'
silent! let g:plugs['asyncrun.vim'].commit = '2483bbd0f55bd33cbcc021fafc187c1f6a0e7354'
silent! let g:plugs['auto-pairs'].commit = '39f06b873a8449af8ff6a3eee716d3da14d63a76'
silent! let g:plugs['auto-session'].commit = '39319bf7ad15a1881f180fa7c14bf6703775035e'
silent! let g:plugs['base16-vim'].commit = '57bfe69ee98fe2563e620306b79f2101b4851e7e'
silent! let g:plugs['bufferline.nvim'].commit = 'f3c531b36cb0e345c167366d2608103baf93c1aa'
silent! let g:plugs['coc.nvim'].commit = 'cca582652a33f8ad3e7467056945dac50fb1cc54'
silent! let g:plugs['conflict-marker.vim'].commit = '22b6133116795ea8fb6705ddca981aa8faecedda'
silent! let g:plugs['dash.vim'].commit = '25b17d9488454a1fcdbb2cbe829a23226f95e3c2'
silent! let g:plugs['diffview.nvim'].commit = '579815945dbefc1cf10347941a6d2022b41d279c'
silent! let g:plugs['dirbuf.nvim'].commit = 'ac7ad3c8e61630d15af1f6266441984f54f54fd2'
silent! let g:plugs['doom-one.nvim'].commit = '60eb78255472bd9a2ca483ce70757cfda57cc706'
silent! let g:plugs['dracula.nvim'].commit = '0b4f6e009867027caddc1f28a81d8a7da6a2b277'
silent! let g:plugs['fencview'].commit = '9150ba55abed57abbe742a74a8fe85b0a3990f50'
silent! let g:plugs['ferret'].commit = '3d064304876941e4197db6b4264db6b72bd9f83d'
silent! let g:plugs['fine-cmdline.nvim'].commit = 'ead2b85e455eacde10469a8fcf1a717822d2bb9a'
silent! let g:plugs['firenvim'].commit = '56a49d79904921a8b4405786e12b4e12fbbf171b'
silent! let g:plugs['fugitive-gitlab.vim'].commit = 'b73a8e97de95d26280082abb7f51465a3d3b239e'
silent! let g:plugs['fzf'].commit = 'f931e538903a20d7a63162f0f10f58447f1117c8'
silent! let g:plugs['gist-vim'].commit = '34e0f0aad5cc21cb3087a5d92ae1aa108019ecda'
silent! let g:plugs['git-blame.nvim'].commit = '54be7081bfdedc29eeeb55193c63821abf3084e1'
silent! let g:plugs['git-messenger.vim'].commit = '8a61bdfa351d4df9a9118ee1d3f45edbed617072'
silent! let g:plugs['git-time-lapse'].commit = '3b6f38ec13af04a29e822efda15c36b69f6972ff'
silent! let g:plugs['goyo.vim'].commit = '7f5d35a65510083ea5c2d0941797244b9963d4a9'
silent! let g:plugs['gruvbox'].commit = 'bf2885a95efdad7bd5e4794dd0213917770d79b7'
silent! let g:plugs['gtags.vim'].commit = '45df6f026fb40b0e2e3a5527792a5dedd937cda0'
silent! let g:plugs['gutentags_plus'].commit = '345e49dd8d4fd14f59959e6e62b628359bfe263b'
silent! let g:plugs['gv.vim'].commit = '1507838ee67f9b298def89cbfc404a0fee4a4b8c'
silent! let g:plugs['hop.nvim'].commit = '2a1b686aad85a3c241f8cd8fd42eb09c7de5ed79'
silent! let g:plugs['horizon.nvim'].commit = '314ac68479d9d25a6486e51f2a1420d2e660405c'
silent! let g:plugs['jianfan'].commit = 'b3cb2a0aaf498724c54701b8ca0b8e830c2eb3f5'
silent! let g:plugs['lualine.nvim'].commit = 'a52f078026b27694d2290e34efa61a6e4a690621'
silent! let g:plugs['markdown-preview.nvim'].commit = '02cc3874738bc0f86e4b91f09b8a0ac88aef8e96'
silent! let g:plugs['nerdcommenter'].commit = '2a0a05ff983aa62d74ba868aadf89deb93dd5454'
silent! let g:plugs['nightfox.nvim'].commit = '83f6ee9e646c803aa14c7293ad7775900f24ea1a'
silent! let g:plugs['nord-vim'].commit = '83631df1a74b19576795179d3f0add6e35060fa2'
silent! let g:plugs['nui.nvim'].commit = 'e9889bbd9919544697d497537acacd9c67d0de99'
silent! let g:plugs['nvim-bqf'].commit = 'aea31569d1b20aa6a35fa84ec756cb205a4a7134'
silent! let g:plugs['nvim-colorizer.lua'].commit = '36c610a9717cc9ec426a07c8e6bf3b3abcb139d6'
silent! let g:plugs['nvim-hlslens'].commit = '00a87287456860851bdefc934af129316dfe1c4c'
silent! let g:plugs['nvim-notify'].commit = '70f27719d330be56940a912c5e1e327d0e50334e'
silent! let g:plugs['nvim-tree.lua'].commit = '0417d9148b6546bf4883b6e9750f992f980afbfe'
silent! let g:plugs['nvim-treesitter'].commit = '8ec59aee8097c64fcf27d1dbd77ea181c50846c5'
silent! let g:plugs['nvim-web-devicons'].commit = '969728506c0175644a1d448f55e311ccdada7eaf'
silent! let g:plugs['onedark.vim'].commit = 'a4dadcd2a37ea69624a808fd8fd47b540c797a45'
silent! let g:plugs['open-browser.vim'].commit = '80ec3f2bb0a86ac13c998e2f2c86e16e6d2f20bb'
silent! let g:plugs['pdv'].commit = '1511dff660e916d28471b9c102fd5e0df47f0fd9'
silent! let g:plugs['plantuml-previewer.vim'].commit = '887d55f912be965e9a24aa61d744fc8b9ed0d7d1'
silent! let g:plugs['plantuml-syntax'].commit = '845abb56dcd3f12afa6eb47684ef5ba3055802b8'
silent! let g:plugs['plenary.nvim'].commit = '62dc2a7acd2fb2581871a36c1743b29e26c60390'
silent! let g:plugs['rest.nvim'].commit = '33e91991efcf0ee89fa72f3fd2b3d6303cb3485e'
silent! let g:plugs['session-lens'].commit = '103a45dfedc23fa6bac48dc8cdcd62fa9f98ac0c'
silent! let g:plugs['sideways.vim'].commit = 'ab20cc8a6a7cb95679f99bc4ec724544f9b94c62'
silent! let g:plugs['smart-splits.nvim'].commit = 'c8d80d90f3c783ac0ea21f256c74d541a7b66a72'
silent! let g:plugs['space-vim-theme'].commit = '4790dbba31f678f75af4f4c7a1465008542bd979'
silent! let g:plugs['splitjoin.vim'].commit = '956d67c88512b91c2938da3a9e0aeeea2b82cd0b'
silent! let g:plugs['stylua-nvim'].commit = 'ce59a353f02938cba3e0285e662fcd3901cd270f'
silent! let g:plugs['tabular'].commit = '339091ac4dd1f17e225fe7d57b48aff55f99b23a'
silent! let g:plugs['tagalong.vim'].commit = '7b8cf57d8b5cbf5ece29e8198e72e8db39d9fe26'
silent! let g:plugs['targets.vim'].commit = '8d6ff2984cdfaebe5b7a6eee8f226a6dd1226f2d'
silent! let g:plugs['telescope-symbols.nvim'].commit = 'f7d7c84873c95c7bd5682783dd66f84170231704'
silent! let g:plugs['telescope.nvim'].commit = '30e2dc5232d0dd63709ef8b44a5d6184005e8602'
silent! let g:plugs['tender.vim'].commit = '7746453a045eaa97dc413a7209268345f33f3243'
silent! let g:plugs['toggleterm.nvim'].commit = 'f494c61024ffa25ee407d55b04d8b28ba9e839cb'
silent! let g:plugs['tokyonight.nvim'].commit = 'e0bdba580dc91f4673b499be2919d09f6447227f'
silent! let g:plugs['twitvim'].commit = 'e641011eaf64718a21f3f947ac4d3e246727adde'
silent! let g:plugs['ultisnips'].commit = '4f5249b2a6f6308377cb2bf734974a4e6f8a960e'
silent! let g:plugs['vader.vim'].commit = '6fff477431ac3191c69a3a5e5f187925466e275a'
silent! let g:plugs['vim-EnhancedJumps'].commit = '84df0d73f732bfb926763f5b0469a47dd63289a1'
silent! let g:plugs['vim-after-object'].commit = '7f52106df8a05e9bc1c53960c31a55f77e303903'
silent! let g:plugs['vim-capslock'].commit = '529b32877e144f7c1a6fabe357317c4b7d94a98e'
silent! let g:plugs['vim-choosewin'].commit = '839da609d9b811370216bdd9d4512ec2d0ac8644'
silent! let g:plugs['vim-coderunner'].commit = '219925757fe48232d2840b0447836f46743e2bd8'
silent! let g:plugs['vim-colors-solarized'].commit = '528a59f26d12278698bb946f8fb82a63711eec21'
silent! let g:plugs['vim-commentary'].commit = '3654775824337f466109f00eaf6759760f65be34'
silent! let g:plugs['vim-composer'].commit = '18d0617f19d039cce140147fa940bdfe960b5c89'
silent! let g:plugs['vim-dispatch'].commit = '00e77d90452e3c710014b26dc61ea919bc895e92'
silent! let g:plugs['vim-easy-align'].commit = '12dd6316974f71ce333e360c0260b4e1f81169c3'
silent! let g:plugs['vim-eunuch'].commit = 'cc564695076d89b3d1e06b2693fca788cfbc5910'
silent! let g:plugs['vim-expand-region'].commit = '966513543de0ddc2d673b5528a056269e7917276'
silent! let g:plugs['vim-flog'].commit = 'c880254c0d56a9dba0bfe7bc3a5f99cd15273363'
silent! let g:plugs['vim-fold-cycle'].commit = '23a87f3eb12b1b9d8927207353b0f7a5454d1c0b'
silent! let g:plugs['vim-fugitive'].commit = 'dd8107cabf5fe85df94d5eedcae52415e543f208'
silent! let g:plugs['vim-fugitive-blame-ext'].commit = '0c9355deeb235f89f50e3e9f362469826efcfb6a'
silent! let g:plugs['vim-go'].commit = '22b2273cfe562ac1c1af976ce77f18a3b1776f3c'
silent! let g:plugs['vim-gocode'].commit = '9c8a27a130932c801037129016d6afa73a04156a'
silent! let g:plugs['vim-godef'].commit = 'a679733999fce6a566704a4df15f6813a900e8a9'
silent! let g:plugs['vim-grepper'].commit = '2b93535752ffcb312f9fab73d90e80dc9f2e60fc'
silent! let g:plugs['vim-gutentags'].commit = 'b77b8fabcb0b052c32fe17efcc0d44f020975244'
silent! let g:plugs['vim-illuminate'].commit = 'a2e8476af3f3e993bb0d6477438aad3096512e42'
silent! let g:plugs['vim-ingo-library'].commit = '733339b699824f0a3c90910c26d8fd949f13783c'
silent! let g:plugs['vim-laravel'].commit = 'ebd803753d12d19d96ae442e48d19d0b3d39d8a0'
silent! let g:plugs['vim-largefile'].commit = 'e1902f4d5990df40cf71c5fec3f1a401c5a97853'
silent! let g:plugs['vim-lastplace'].commit = 'cef9d62165cd26c3c2b881528a5290a84347059e'
silent! let g:plugs['vim-lua-format'].commit = 'cb07a86f665bd552b4e103f99dd68f97b49bd045'
silent! let g:plugs['vim-matchit'].commit = 'd297e643627fe996f909c5e86e450ac04d17e93d'
silent! let g:plugs['vim-maximizer'].commit = '2e54952fe91e140a2e69f35f22131219fcd9c5f1'
silent! let g:plugs['vim-merginal'].commit = '436076b9f2daa805948fa054a24e3b519f6fc089'
silent! let g:plugs['vim-mundo'].commit = '3c7e008a9922702be979dbfe3c5280313f53618b'
silent! let g:plugs['vim-php-namespace'].commit = 'a2241c165dada77598fd360cffbf1f53e5ec76d5'
silent! let g:plugs['vim-plug'].commit = 'ddce935b16fbaaf02ac96f9f238deb04d4d33a31'
silent! let g:plugs['vim-projectionist'].commit = '558013b66ba8f30e75fd67a67374662fd6961eb8'
silent! let g:plugs['vim-qml'].commit = '50d2e737094c146195171b7d52e522384f15afe8'
silent! let g:plugs['vim-rhubarb'].commit = 'cad60fe382f3f501bbb28e113dfe8c0de6e77c75'
silent! let g:plugs['vim-silicon'].commit = '4a93122ae2139a12e2a56f064d086c05160b6835'
silent! let g:plugs['vim-snippets'].commit = 'faaa499189c4ee3fe13860e675e2370d55e3e5dd'
silent! let g:plugs['vim-solarized8'].commit = '9f9b7951975012ce51766356c7c28ba56294f9e8'
silent! let g:plugs['vim-sort-motion'].commit = 'c8782be8f7da414c6442b3ba4b6abb0345d392d9'
silent! let g:plugs['vim-startify'].commit = '81e36c352a8deea54df5ec1e2f4348685569bed2'
silent! let g:plugs['vim-startuptime'].commit = '0dcecdf0823d668e291dbd571d6bb9086584357f'
silent! let g:plugs['vim-surround'].commit = 'bf3480dc9ae7bea34c78fbba4c65b4548b5b1fea'
silent! let g:plugs['vim-test'].commit = 'dae07571033b075d8a334e7e13a8987528483f59'
silent! let g:plugs['vim-textobj-comment'].commit = '58ae4571b76a5bf74850698f23d235eef991dd4b'
silent! let g:plugs['vim-textobj-datetime'].commit = 'be2db6717e91bd14b99ab364ea09347903a6dce4'
silent! let g:plugs['vim-textobj-diff'].commit = 'cd8f37ff505c8ddb78c39b2cf0079ad46a891cd0'
silent! let g:plugs['vim-textobj-entire'].commit = '64a856c9dff3425ed8a863b9ec0a21dbaee6fb3a'
silent! let g:plugs['vim-textobj-fold'].commit = '78bfa22163133b0ca6cda63b5b5015ed4409b2ee'
silent! let g:plugs['vim-textobj-function'].commit = 'adb50f38499b1f558cbd58845e3e91117e4538cf'
silent! let g:plugs['vim-textobj-indent'].commit = 'deb76867c302f933c8f21753806cbf2d8461b548'
silent! let g:plugs['vim-textobj-lastpat'].commit = '686aa837e3aa649b16572d5d55eb2d8c7fc6c78a'
silent! let g:plugs['vim-textobj-line'].commit = '1a6780d29adcf7e464e8ddbcd0be0a9df1a37339'
silent! let g:plugs['vim-textobj-syntax'].commit = 'a0167c2680f8a35d9ca1f47ddf31070492893175'
silent! let g:plugs['vim-textobj-user'].commit = '41a675ddbeefd6a93664a4dc52f302fe3086a933'
silent! let g:plugs['vim-textobj-variable-segment'].commit = '30f7bc94bc8a87d923631f5e440200b662becb1a'
silent! let g:plugs['vim-titlecase'].commit = '69a697c54a08ca5603cb757b4d4f78cd4b567549'
silent! let g:plugs['vim-twiggy'].commit = '7a2161991722a811c4ff06b3ce0119dd180729fd'
silent! let g:plugs['vim-unimpaired'].commit = 'efdc6475f7ea789346716dabf9900ac04ee8604a'
silent! let g:plugs['vim-zoom'].commit = '9f281ac7766c3931cb87698602eeb33a62660ae2'
silent! let g:plugs['vimdark'].commit = 'ffd7240f8346cb61ab80eda84b78f8983a3c69bf'
silent! let g:plugs['vimproc.vim'].commit = '3ba46c01109bc590c6740c1133f53584751924b2'
silent! let g:plugs['vimspector'].commit = '3378018bc1cdd1d9b70734c3e970bc52fd983415'
silent! let g:plugs['vira'].commit = '8ebbdcc13d0eeae9c9d3029dd9c1945861ac80f8'
silent! let g:plugs['vista.vim'].commit = '9c3e31f67653a1d25147a8dd2a0b2724853d9923'
silent! let g:plugs['vmustache'].commit = 'd39f77bafef57ba7af304c74b3cfc91a83fd86e0'
silent! let g:plugs['webapi-vim'].commit = 'e9fdce27dc542f491c034a288bce5d74a79fb92d'
silent! let g:plugs['which-key.nvim'].commit = '6885b669523ff4238de99a7c653d47b081b5506d'
silent! let g:plugs['wilder.nvim'].commit = '679f348dc90d80ff9ba0e7c470c40a4d038dcecf'
silent! let g:plugs['wildfire.vim'].commit = 'b371e2b1d938ae0e164146136051de164ecb9aa5'

PlugUpdate!

